
Microsoft Visual Studio Solution File, Format Version 12.00
# Visual Studio Version 17
VisualStudioVersion = 17.5.002.0
MinimumVisualStudioVersion = 10.0.40219.1
Project("{9A19103F-16F7-4668-BE54-9A1E7A4F7556}") = "BackendTests", "BackendTests.csproj", "{492CCE3F-E72D-4F0D-BF3D-CF5CEE379C47}"
EndProject
Project("{9A19103F-16F7-4668-BE54-9A1E7A4F7556}") = "EvoTest", "EvoTest\EvoTest.csproj", "{3C4139B7-C3C3-43F1-A29F-F1A9698D6760}"
EndProject
Project("{9A19103F-16F7-4668-BE54-9A1E7A4F7556}") = "AdvanceTopics", "AdvanceTopics\AdvanceTopics.csproj", "{17BFF1DC-6A69-4C15-B1BC-778D9347D60D}"
EndProject
Global
	GlobalSection(SolutionConfigurationPlatforms) = preSolution
		Debug|Any CPU = Debug|Any CPU
		Release|Any CPU = Release|Any CPU
	EndGlobalSection
	GlobalSection(ProjectConfigurationPlatforms) = postSolution
		{492CCE3F-E72D-4F0D-BF3D-CF5CEE379C47}.Debug|Any CPU.ActiveCfg = Debug|Any CPU
		{492CCE3F-E72D-4F0D-BF3D-CF5CEE379C47}.Debug|Any CPU.Build.0 = Debug|Any CPU
		{492CCE3F-E72D-4F0D-BF3D-CF5CEE379C47}.Release|Any CPU.ActiveCfg = Release|Any CPU
		{492CCE3F-E72D-4F0D-BF3D-CF5CEE379C47}.Release|Any CPU.Build.0 = Release|Any CPU
		{3C4139B7-C3C3-43F1-A29F-F1A9698D6760}.Debug|Any CPU.ActiveCfg = Debug|Any CPU
		{3C4139B7-C3C3-43F1-A29F-F1A9698D6760}.Debug|Any CPU.Build.0 = Debug|Any CPU
		{3C4139B7-C3C3-43F1-A29F-F1A9698D6760}.Release|Any CPU.ActiveCfg = Release|Any CPU
		{3C4139B7-C3C3-43F1-A29F-F1A9698D6760}.Release|Any CPU.Build.0 = Release|Any CPU
		{17BFF1DC-6A69-4C15-B1BC-778D9347D60D}.Debug|Any CPU.ActiveCfg = Debug|Any CPU
		{17BFF1DC-6A69-4C15-B1BC-778D9347D60D}.Debug|Any CPU.Build.0 = Debug|Any CPU
		{17BFF1DC-6A69-4C15-B1BC-778D9347D60D}.Release|Any CPU.ActiveCfg = Release|Any CPU
		{17BFF1DC-6A69-4C15-B1BC-778D9347D60D}.Release|Any CPU.Build.0 = Release|Any CPU
	EndGlobalSection
	GlobalSection(SolutionProperties) = preSolution
		HideSolutionNode = FALSE
	EndGlobalSection
	GlobalSection(ExtensibilityGlobals) = postSolution
		SolutionGuid = {133BDC95-458C-435C-B0F2-E54545C813EF}
	EndGlobalSection
EndGlobal
